github.com/asciimoth/configer/configer v0.3.1 h1:7Yre5IQ9qihv2LhJNmnlv2ViKAGNVEN6SmwrPJKuiG8=
github.com/asciimoth/configer/configer v0.3.1/go.mod h1:SL8ymjshD5/tNKeLp5UBp+/2dEoB9D1fgjdfSrdQQek=
github.com/asciimoth/configer/hujson v0.3.1 h1:+aXIekLOqm6uPjS8cwI6h/jz9inZXObksmRvoJMloow=
github.com/asciimoth/configer/hujson v0.3.1/go.mod h1:tnXfz2bBAlg6WK3ZE+Zh+nxn033tQ2K7hBFkvPKD7Yk=
github.com/asciimoth/formular v0.3.1 h1:XNOLs0v5kpO/YrAGIwRKiHHpX2wbHdOAsa5S/owhAy8=
github.com/asciimoth/formular v0.3.1/go.mod h1:6VBEx4KTWp18mpkQn7d3Buoojzf9II5+ZAVuc4DF8AE=
github.com/asciimoth/persist v0.2.0 h1:yqsu1+5pystESKm8yVVSdG15kqL3Tiwl2tEYtvjcBFE=
github.com/asciimoth/persist v0.2.0/go.mod h1:idB/ttCb+L8i51uz/7ec+HzrIAbdPQsjVbu0P8hSQBk=
github.com/google/go-cmp v0.5.8 h1:e6P7q2lk1O+qJJb4BtCQXlK8vWEO8V1ZeuEdJNOqZyg=
github.com/google/go-cmp v0.5.8/go.mod h1:17dUlkBOakJ0+DkrSSNjCkIjxS6bF9zb3elmeNGIjoY=
github.com/tailscale/hujson v0.0.0-20260302212456-ecc657c15afd h1:Rf9uhF1+VJ7ZHqxrG8pJ6YacmHvVCmByDmGbAWCc/gA=
github.com/tailscale/hujson v0.0.0-20260302212456-ecc657c15afd/go.mod h1:EbW0wDK/qEUYI0A5bqq0C2kF8JTQwWONmGDBbzsxxHo=
