github.com/asciimoth/bufpool v0.3.0 h1:tQMop/kZ3eOLSorM9i0cqtOIpxWQUroGZ6oNk5DTnQc=
github.com/asciimoth/bufpool v0.3.0/go.mod h1:JV6H4hpj2bCS5Svr0wNqR+XOZFOOkdXfNZxCjm/3QHw=
github.com/asciimoth/configer/configer v0.3.0 h1:utMfXXNWPPz4yiYntBHlycPthfTkHZHyEYxBXJsjPGk=
github.com/asciimoth/configer/configer v0.3.0/go.mod h1:SL8ymjshD5/tNKeLp5UBp+/2dEoB9D1fgjdfSrdQQek=
github.com/asciimoth/gonnect v0.14.0 h1:sfP4qYiP9egKrhi+AgYUuRBrDLiVzRLHI9WrHafIc8E=
github.com/asciimoth/gonnect v0.14.0/go.mod h1:CohhruGEkUgKLF0ypR/RNFrdrqmJgUkKhvjMilED9Kk=
golang.org/x/net v0.54.0 h1:2zJIZAxAHV/OHCDTCOHAYehQzLfSXuf/5SoL/Dv6w/w=
golang.org/x/net v0.54.0/go.mod h1:Sj4oj8jK6XmHpBZU/zWHw3BV3abl4Kvi+Ut7cQcY+cQ=
golang.org/x/sys v0.44.0 h1:ildZl3J4uzeKP07r2F++Op7E9B29JRUy+a27EibtBTQ=
golang.org/x/sys v0.44.0/go.mod h1:4GL1E5IUh+htKOUEOaiffhrAeqysfVGipDYzABqnCmw=
